PODS:
  - IoTTicketSwiftAPI (0.0.2):
    - IoTTicketSwiftAPI/Core (= 0.0.2)
  - IoTTicketSwiftAPI/Core (0.0.2)

DEPENDENCIES:
  - IoTTicketSwiftAPI (~> 0.0.2)

SPEC CHECKSUMS:
  IoTTicketSwiftAPI: e67f5b186a35ab8e44b87803ee617e0dd1c03081

PODFILE CHECKSUM: cb362fbd2ce2ce8dbd768960f4691da0ce6f444a

COCOAPODS: 1.3.1
